// !$*UTF8*$!
{
	archiveVersion = 1;
	classes = {
	};
	objectVersion = 46;
	objects = {

/* Begin PBXBuildFile section */
		FA22186017BDE93000D71F71 /* ANAPICall.m in Sources */ = {isa = PBXBuildFile; fileRef = FA22185F17BDE93000D71F71 /* ANAPICall.m */; };
		FA22186A17BDEF7E00D71F71 /* ANConflict.m in Sources */ = {isa = PBXBuildFile; fileRef = FA22186917BDEF7E00D71F71 /* ANConflict.m */; };
		FA22187017BDF0A300D71F71 /* ANNameCollisionConflict.m in Sources */ = {isa = PBXBuildFile; fileRef = FA22186F17BDF0A300D71F71 /* ANNameCollisionConflict.m */; };
		FA22187717BDF2DB00D71F71 /* ANConflictResolver.m in Sources */ = {isa = PBXBuildFile; fileRef = FA22187617BDF2DB00D71F71 /* ANConflictResolver.m */; };
		FA2B335317C478B000F40616 /* NSData+MD5.m in Sources */ = {isa = PBXBuildFile; fileRef = FA2B335217C478B000F40616 /* NSData+MD5.m */; };
		FA2B335F17C55F2300F40616 /* ANAPISessionDiffList.m in Sources */ = {isa = PBXBuildFile; fileRef = FA2B335E17C55F2300F40616 /* ANAPISessionDiffList.m */; };
		FA2B336517C5623300F40616 /* ANAPISessionHashes.m in Sources */ = {isa = PBXBuildFile; fileRef = FA2B336417C5623300F40616 /* ANAPISessionHashes.m */; };
		FA2C288617BCC42C00F667F6 /* clock@2x.png in Resources */ = {isa = PBXBuildFile; fileRef = FA2C288417BCC42C00F667F6 /* clock@2x.png */; };
		FA2C288A17BCC56D00F667F6 /* calculator@2x.png in Resources */ = {isa = PBXBuildFile; fileRef = FA2C288817BCC56D00F667F6 /* calculator@2x.png */; };
		FA2C288C17BCC5E900F667F6 /* clock_highlighted@2x.png in Resources */ = {isa = PBXBuildFile; fileRef = FA2C288B17BCC5E900F667F6 /* clock_highlighted@2x.png */; };
		FA2C289017BCC64000F667F6 /* calculator_highlighted@2x.png in Resources */ = {isa = PBXBuildFile; fileRef = FA2C288F17BCC64000F667F6 /* calculator_highlighted@2x.png */; };
		FA2C289317BCC70800F667F6 /* gear_highlighted@2x.png in Resources */ = {isa = PBXBuildFile; fileRef = FA2C289117BCC70800F667F6 /* gear_highlighted@2x.png */; };
		FA2C289417BCC70800F667F6 /* gear@2x.png in Resources */ = {isa = PBXBuildFile; fileRef = FA2C289217BCC70800F667F6 /* gear@2x.png */; };
		FA2C289817BCC76700F667F6 /* ANSettingsHomeVC.m in Sources */ = {isa = PBXBuildFile; fileRef = FA2C289717BCC76700F667F6 /* ANSettingsHomeVC.m */; };
		FA42997317BCB4E5006746B7 /* UIKit.framework in Frameworks */ = {isa = PBXBuildFile; fileRef = FA42997217BCB4E5006746B7 /* UIKit.framework */; };
		FA42997517BCB4E5006746B7 /* Foundation.framework in Frameworks */ = {isa = PBXBuildFile; fileRef = FA42997417BCB4E5006746B7 /* Foundation.framework */; };
		FA42997717BCB4E5006746B7 /* CoreGraphics.framework in Frameworks */ = {isa = PBXBuildFile; fileRef = FA42997617BCB4E5006746B7 /* CoreGraphics.framework */; };
		FA42997D17BCB4E5006746B7 /* InfoPlist.strings in Resources */ = {isa = PBXBuildFile; fileRef = FA42997B17BCB4E5006746B7 /* InfoPlist.strings */; };
		FA42997F17BCB4E5006746B7 /* main.m in Sources */ = {isa = PBXBuildFile; fileRef = FA42997E17BCB4E5006746B7 /* main.m */; };
		FA42998317BCB4E5006746B7 /* ANAppDelegate.m in Sources */ = {isa = PBXBuildFile; fileRef = FA42998217BCB4E5006746B7 /* ANAppDelegate.m */; };
		FA42998517BCB4E5006746B7 /* Default.png in Resources */ = {isa = PBXBuildFile; fileRef = FA42998417BCB4E5006746B7 /* Default.png */; };
		FA42998717BCB4E5006746B7 /* Default@2x.png in Resources */ = {isa = PBXBuildFile; fileRef = FA42998617BCB4E5006746B7 /* Default@2x.png */; };
		FA42998917BCB4E5006746B7 /* Default-568h@2x.png in Resources */ = {isa = PBXBuildFile; fileRef = FA42998817BCB4E5006746B7 /* Default-568h@2x.png */; };
		FA42998C17BCB4E5006746B7 /* ANViewController.m in Sources */ = {isa = PBXBuildFile; fileRef = FA42998B17BCB4E5006746B7 /* ANViewController.m */; };
		FA42998F17BCB4E5006746B7 /* ANViewController.xib in Resources */ = {isa = PBXBuildFile; fileRef = FA42998D17BCB4E5006746B7 /* ANViewController.xib */; };
		FA4299A117BCB772006746B7 /* Model.xcdatamodeld in Sources */ = {isa = PBXBuildFile; fileRef = FA42999F17BCB772006746B7 /* Model.xcdatamodeld */; };
		FA4299BA17BCBB1C006746B7 /* CoreData.framework in Frameworks */ = {isa = PBXBuildFile; fileRef = FA4299B917BCBB1B006746B7 /* CoreData.framework */; };
		FA4299BD17BCBC1A006746B7 /* ANDataManager.m in Sources */ = {isa = PBXBuildFile; fileRef = FA4299BC17BCBC1A006746B7 /* ANDataManager.m */; };
		FA4299C017BCBDBF006746B7 /* Icon-72@2x.png in Resources */ = {isa = PBXBuildFile; fileRef = FA4299BE17BCBDBF006746B7 /* Icon-72@2x.png */; };
		FA4299C417BCBEB6006746B7 /* Icon@2x.png in Resources */ = {isa = PBXBuildFile; fileRef = FA4299C317BCBEB6006746B7 /* Icon@2x.png */; };
		FA4299CB17BCBF9A006746B7 /* ANTimerHomeVC.m in Sources */ = {isa = PBXBuildFile; fileRef = FA4299CA17BCBF9A006746B7 /* ANTimerHomeVC.m */; };
		FA4299CF17BCC02E006746B7 /* ANStatHomeVC.m in Sources */ = {isa = PBXBuildFile; fileRef = FA4299CE17BCC02E006746B7 /* ANStatHomeVC.m */; };
		FA7B18CA17BE030C00D6F7D2 /* ANPuzzle+Coding.m in Sources */ = {isa = PBXBuildFile; fileRef = FA7B18C917BE030C00D6F7D2 /* ANPuzzle+Coding.m */; };
		FA9F538617C6B1A20024923B /* ANAPICallPuzzleAdd.m in Sources */ = {isa = PBXBuildFile; fileRef = FA9F537217C6B1A20024923B /* ANAPICallPuzzleAdd.m */; };
		FA9F538717C6B1A20024923B /* ANAPICallPuzzleDeleteRename.m in Sources */ = {isa = PBXBuildFile; fileRef = FA9F537417C6B1A20024923B /* ANAPICallPuzzleDeleteRename.m */; };
		FA9F538817C6B1A20024923B /* ANAPICallPuzzleDelete.m in Sources */ = {isa = PBXBuildFile; fileRef = FA9F537617C6B1A20024923B /* ANAPICallPuzzleDelete.m */; };
		FA9F538917C6B1A20024923B /* ANAPICallPuzzleRenameAdd.m in Sources */ = {isa = PBXBuildFile; fileRef = FA9F537817C6B1A20024923B /* ANAPICallPuzzleRenameAdd.m */; };
		FA9F538A17C6B1A20024923B /* ANAPICallPuzzleRename.m in Sources */ = {isa = PBXBuildFile; fileRef = FA9F537A17C6B1A20024923B /* ANAPICallPuzzleRename.m */; };
		FA9F538B17C6B1A20024923B /* ANAPICallPuzzleReplace.m in Sources */ = {isa = PBXBuildFile; fileRef = FA9F537C17C6B1A20024923B /* ANAPICallPuzzleReplace.m */; };
		FA9F538C17C6B1A20024923B /* ANAPICallPuzzleSet.m in Sources */ = {isa = PBXBuildFile; fileRef = FA9F537E17C6B1A20024923B /* ANAPICallPuzzleSet.m */; };
		FA9F538D17C6B1A20024923B /* ANAPICallSessionAdd.m in Sources */ = {isa = PBXBuildFile; fileRef = FA9F538117C6B1A20024923B /* ANAPICallSessionAdd.m */; };
		FA9F538E17C6B1A20024923B /* ANAPICallSessionGetDiff.m in Sources */ = {isa = PBXBuildFile; fileRef = FA9F538317C6B1A20024923B /* ANAPICallSessionGetDiff.m */; };
		FA9F538F17C6B1A20024923B /* ANAPICallSessionGetHashes.m in Sources */ = {isa = PBXBuildFile; fileRef = FA9F538517C6B1A20024923B /* ANAPICallSessionGetHashes.m */; };
		FA9F539217C6B1B60024923B /* ANAPICallSessionDeleteRequest.m in Sources */ = {isa = PBXBuildFile; fileRef = FA9F539117C6B1B60024923B /* ANAPICallSessionDeleteRequest.m */; };
		FA9F539817C6C0310024923B /* ANAccountManager.m in Sources */ = {isa = PBXBuildFile; fileRef = FA9F539717C6C0310024923B /* ANAccountManager.m */; };
		FA9F539B17C6C2030024923B /* ANAPIBaseCall.m in Sources */ = {isa = PBXBuildFile; fileRef = FA9F539A17C6C2030024923B /* ANAPIBaseCall.m */; };
		FA9F539D17C6C7AA0024923B /* Security.framework in Frameworks */ = {isa = PBXBuildFile; fileRef = FA9F539C17C6C7AA0024923B /* Security.framework */; };
		FA9F53E917C7F0290024923B /* OCSessionAddition.m in Sources */ = {isa = PBXBuildFile; fileRef = FA9F53E817C7F0290024923B /* OCSessionAddition.m */; };
		FA9F53EC17C7F0290024923B /* OCSessionDeletion.m in Sources */ = {isa = PBXBuildFile; fileRef = FA9F53EB17C7F0290024923B /* OCSessionDeletion.m */; };
		FA9F53EF17C7F0290024923B /* OCPuzzleAddition.m in Sources */ = {isa = PBXBuildFile; fileRef = FA9F53EE17C7F0290024923B /* OCPuzzleAddition.m */; };
		FA9F53F517C7F02A0024923B /* OCPuzzleSetting.m in Sources */ = {isa = PBXBuildFile; fileRef = FA9F53F417C7F02A0024923B /* OCPuzzleSetting.m */; };
		FA9F53F817C7F02A0024923B /* OCPuzzleDeletion.m in Sources */ = {isa = PBXBuildFile; fileRef = FA9F53F717C7F02A0024923B /* OCPuzzleDeletion.m */; };
		FA9F53FB17C7F04D0024923B /* LocalAccount.m in Sources */ = {isa = PBXBuildFile; fileRef = FA9F53FA17C7F04D0024923B /* LocalAccount.m */; };
		FA9F53FE17C7F04E0024923B /* ANSolve.m in Sources */ = {isa = PBXBuildFile; fileRef = FA9F53FD17C7F04E0024923B /* ANSolve.m */; };
		FA9F540117C7F04E0024923B /* ANSession.m in Sources */ = {isa = PBXBuildFile; fileRef = FA9F540017C7F04E0024923B /* ANSession.m */; };
		FA9F540417C7F04E0024923B /* ANPuzzle.m in Sources */ = {isa = PBXBuildFile; fileRef = FA9F540317C7F04E0024923B /* ANPuzzle.m */; };
		FA9F540717C807D30024923B /* ANSyncManager.m in Sources */ = {isa = PBXBuildFile; fileRef = FA9F540617C807D30024923B /* ANSyncManager.m */; };
		FA9F542E17C8236A0024923B /* ANGeneralSyncer.m in Sources */ = {isa = PBXBuildFile; fileRef = FA9F541017C8236A0024923B /* ANGeneralSyncer.m */; };
		FA9F542F17C8236A0024923B /* ANSyncSession.m in Sources */ = {isa = PBXBuildFile; fileRef = FA9F541217C8236A0024923B /* ANSyncSession.m */; };
		FA9F543017C8236A0024923B /* ANPuzzleAdder.m in Sources */ = {isa = PBXBuildFile; fileRef = FA9F541517C8236A0024923B /* ANPuzzleAdder.m */; };
		FA9F543117C8236A0024923B /* ANPuzzleDeleter.m in Sources */ = {isa = PBXBuildFile; fileRef = FA9F541717C8236A0024923B /* ANPuzzleDeleter.m */; };
		FA9F543217C8236A0024923B /* ANPuzzleGetter.m in Sources */ = {isa = PBXBuildFile; fileRef = FA9F541917C8236A0024923B /* ANPuzzleGetter.m */; };
		FA9F543317C8236A0024923B /* ANPuzzleOrderer.m in Sources */ = {isa = PBXBuildFile; fileRef = FA9F541B17C8236A0024923B /* ANPuzzleOrderer.m */; };
		FA9F543417C8236A0024923B /* ANPuzzleRenamer.m in Sources */ = {isa = PBXBuildFile; fileRef = FA9F541D17C8236A0024923B /* ANPuzzleRenamer.m */; };
		FA9F543517C8236A0024923B /* ANPuzzleSetter.m in Sources */ = {isa = PBXBuildFile; fileRef = FA9F541F17C8236A0024923B /* ANPuzzleSetter.m */; };
		FA9F543617C8236A0024923B /* ANPuzzleSyncer.m in Sources */ = {isa = PBXBuildFile; fileRef = FA9F542117C8236A0024923B /* ANPuzzleSyncer.m */; };
		FA9F543717C8236A0024923B /* ANSessionAdder.m in Sources */ = {isa = PBXBuildFile; fileRef = FA9F542417C8236A0024923B /* ANSessionAdder.m */; };
		FA9F543817C8236A0024923B /* ANSessionDeleter.m in Sources */ = {isa = PBXBuildFile; fileRef = FA9F542617C8236A0024923B /* ANSessionDeleter.m */; };
		FA9F543917C8236A0024923B /* ANSessionSyncer.m in Sources */ = {isa = PBXBuildFile; fileRef = FA9F542817C8236A0024923B /* ANSessionSyncer.m */; };
		FA9F543A17C8236A0024923B /* ANSessionGetter.m in Sources */ = {isa = PBXBuildFile; fileRef = FA9F542B17C8236A0024923B /* ANSessionGetter.m */; };
		FA9F543B17C8236A0024923B /* ANSessionsHasher.m in Sources */ = {isa = PBXBuildFile; fileRef = FA9F542D17C8236A0024923B /* ANSessionsHasher.m */; };
		FA9F544417C824CB0024923B /* OCAccountChange.m in Sources */ = {isa = PBXBuildFile; fileRef = FA9F544117C824CB0024923B /* OCAccountChange.m */; };
		FA9F544517C824CB0024923B /* OfflineChanges.m in Sources */ = {isa = PBXBuildFile; fileRef = FA9F544317C824CB0024923B /* OfflineChanges.m */; };
		FA9F544817C8256D0024923B /* LocalAccount+Coding.m in Sources */ = {isa = PBXBuildFile; fileRef = FA9F544717C8256D0024923B /* LocalAccount+Coding.m */; };
		FAA38A4717C9A476009361A8 /* ANAccountSyncer.m in Sources */ = {isa = PBXBuildFile; fileRef = FAA38A4617C9A476009361A8 /* ANAccountSyncer.m */; };
		FAA38A5317C9A558009361A8 /* ANAPIAddRenameResponse.m in Sources */ = {isa = PBXBuildFile; fileRef = FAA38A4A17C9A558009361A8 /* ANAPIAddRenameResponse.m */; };
		FAA38A5417C9A558009361A8 /* ANAPIConflict.m in Sources */ = {isa = PBXBuildFile; fileRef = FAA38A4C17C9A558009361A8 /* ANAPIConflict.m */; };
		FAA38A5517C9A558009361A8 /* ANAPIDeleteResponse.m in Sources */ = {isa = PBXBuildFile; fileRef = FAA38A4E17C9A558009361A8 /* ANAPIDeleteResponse.m */; };
		FAA38A5617C9A558009361A8 /* ANAPIPuzzle.m in Sources */ = {isa = PBXBuildFile; fileRef = FAA38A5017C9A558009361A8 /* ANAPIPuzzle.m */; };
		FAA38A5717C9A558009361A8 /* ANAPIPuzzleSetResponse.m in Sources */ = {isa = PBXBuildFile; fileRef = FAA38A5217C9A558009361A8 /* ANAPIPuzzleSetResponse.m */; };
		FAA38A5A17C9A97A009361A8 /* ANAPICallAccountSet.m in Sources */ = {isa = PBXBuildFile; fileRef = FAA38A5917C9A97A009361A8 /* ANAPICallAccountSet.m */; };
		FAB9002917C3FEA8002DB676 /* ANSession+Coding.m in Sources */ = {isa = PBXBuildFile; fileRef = FAB9002817C3FEA8002DB676 /* ANSession+Coding.m */; };
		FAB9002C17C405A3002DB676 /* ANAPISessionAddResponse.m in Sources */ = {isa = PBXBuildFile; fileRef = FAB9002B17C405A3002DB676 /* ANAPISessionAddResponse.m */; };
		FAC7EE0717C0481B00DE49EE /* ANRenameCollisionConflict.m in Sources */ = {isa = PBXBuildFile; fileRef = FAC7EE0617C0481B00DE49EE /* ANRenameCollisionConflict.m */; };
		FAC7EE2C17C0B50000DE49EE /* ANDataManager+Search.m in Sources */ = {isa = PBXBuildFile; fileRef = FAC7EE2B17C0B50000DE49EE /* ANDataManager+Search.m */; };
/* End PBXBuildFile section */

/* Begin PBXFileReference section */
		FA2217FC17BCCE4100D71F71 /* ANConstants.h */ = {isa = PBXFileReference; lastKnownFileType = sourcecode.c.h; path = ANConstants.h; sourceTree = "<group>"; };
		FA22185E17BDE93000D71F71 /* ANAPICall.h */ = {isa = PBXFileReference; fileEncoding = 4; lastKnownFileType = sourcecode.c.h; path = ANAPICall.h; sourceTree = "<group>"; };
		FA22185F17BDE93000D71F71 /* ANAPICall.m */ = {isa = PBXFileReference; fileEncoding = 4; lastKnownFileType = sourcecode.c.objc; path = ANAPICall.m; sourceTree = "<group>"; };
		FA22186817BDEF7E00D71F71 /* ANConflict.h */ = {isa = PBXFileReference; fileEncoding = 4; lastKnownFileType = sourcecode.c.h; path = ANConflict.h; sourceTree = "<group>"; };
		FA22186917BDEF7E00D71F71 /* ANConflict.m */ = {isa = PBXFileReference; fileEncoding = 4; lastKnownFileType = sourcecode.c.objc; path = ANConflict.m; sourceTree = "<group>"; };
		FA22186E17BDF0A300D71F71 /* ANNameCollisionConflict.h */ = {isa = PBXFileReference; fileEncoding = 4; lastKnownFileType = sourcecode.c.h; path = ANNameCollisionConflict.h; sourceTree = "<group>"; };
		FA22186F17BDF0A300D71F71 /* ANNameCollisionConflict.m */ = {isa = PBXFileReference; fileEncoding = 4; lastKnownFileType = sourcecode.c.objc; path = ANNameCollisionConflict.m; sourceTree = "<group>"; };
		FA22187517BDF2DB00D71F71 /* ANConflictResolver.h */ = {isa = PBXFileReference; fileEncoding = 4; lastKnownFileType = sourcecode.c.h; path = ANConflictResolver.h; sourceTree = "<group>"; };
		FA22187617BDF2DB00D71F71 /* ANConflictResolver.m */ = {isa = PBXFileReference; fileEncoding = 4; lastKnownFileType = sourcecode.c.objc; path = ANConflictResolver.m; sourceTree = "<group>"; };
		FA2B335117C478B000F40616 /* NSData+MD5.h */ = {isa = PBXFileReference; fileEncoding = 4; lastKnownFileType = sourcecode.c.h; path = "NSData+MD5.h"; sourceTree = "<group>"; };
		FA2B335217C478B000F40616 /* NSData+MD5.m */ = {isa = PBXFileReference; fileEncoding = 4; lastKnownFileType = sourcecode.c.objc; path = "NSData+MD5.m"; sourceTree = "<group>"; };
		FA2B335417C52FA400F40616 /* libcommonCrypto.dylib */ = {isa = PBXFileReference; lastKnownFileType = "compiled.mach-o.dylib"; name = libcommonCrypto.dylib; path = usr/lib/system/libcommonCrypto.dylib; sourceTree = SDKROOT; };
		FA2B335D17C55F2300F40616 /* ANAPISessionDiffList.h */ = {isa = PBXFileReference; fileEncoding = 4; lastKnownFileType = sourcecode.c.h; path = ANAPISessionDiffList.h; sourceTree = "<group>"; };
		FA2B335E17C55F2300F40616 /* ANAPISessionDiffList.m */ = {isa = PBXFileReference; fileEncoding = 4; lastKnownFileType = sourcecode.c.objc; path = ANAPISessionDiffList.m; sourceTree = "<group>"; };
		FA2B336317C5623300F40616 /* ANAPISessionHashes.h */ = {isa = PBXFileReference; fileEncoding = 4; lastKnownFileType = sourcecode.c.h; path = ANAPISessionHashes.h; sourceTree = "<group>"; };
		FA2B336417C5623300F40616 /* ANAPISessionHashes.m */ = {isa = PBXFileReference; fileEncoding = 4; lastKnownFileType = sourcecode.c.objc; path = ANAPISessionHashes.m; sourceTree = "<group>"; };
		FA2C288417BCC42C00F667F6 /* clock@2x.png */ = {isa = PBXFileReference; lastKnownFileType = image.png; path = "clock@2x.png"; sourceTree = "<group>"; };
		FA2C288817BCC56D00F667F6 /* calculator@2x.png */ = {isa = PBXFileReference; lastKnownFileType = image.png; path = "calculator@2x.png"; sourceTree = "<group>"; };
		FA2C288B17BCC5E900F667F6 /* clock_highlighted@2x.png */ = {isa = PBXFileReference; lastKnownFileType = image.png; path = "clock_highlighted@2x.png"; sourceTree = "<group>"; };
		FA2C288F17BCC64000F667F6 /* calculator_highlighted@2x.png */ = {isa = PBXFileReference; lastKnownFileType = image.png; path = "calculator_highlighted@2x.png"; sourceTree = "<group>"; };
		FA2C289117BCC70800F667F6 /* gear_highlighted@2x.png */ = {isa = PBXFileReference; lastKnownFileType = image.png; path = "gear_highlighted@2x.png"; sourceTree = "<group>"; };
		FA2C289217BCC70800F667F6 /* gear@2x.png */ = {isa = PBXFileReference; lastKnownFileType = image.png; path = "gear@2x.png"; sourceTree = "<group>"; };
		FA2C289617BCC76700F667F6 /* ANSettingsHomeVC.h */ = {isa = PBXFileReference; fileEncoding = 4; lastKnownFileType = sourcecode.c.h; path = ANSettingsHomeVC.h; sourceTree = "<group>"; };
		FA2C289717BCC76700F667F6 /* ANSettingsHomeVC.m */ = {isa = PBXFileReference; fileEncoding = 4; lastKnownFileType = sourcecode.c.objc; path = ANSettingsHomeVC.m; sourceTree = "<group>"; };
		FA42996F17BCB4E5006746B7 /* Qube.app */ = {isa = PBXFileReference; explicitFileType = wrapper.application; includeInIndex = 0; path = Qube.app; sourceTree = BUILT_PRODUCTS_DIR; };
		FA42997217BCB4E5006746B7 /* UIKit.framework */ = {isa = PBXFileReference; lastKnownFileType = wrapper.framework; name = UIKit.framework; path = System/Library/Frameworks/UIKit.framework; sourceTree = SDKROOT; };
		FA42997417BCB4E5006746B7 /* Foundation.framework */ = {isa = PBXFileReference; lastKnownFileType = wrapper.framework; name = Foundation.framework; path = System/Library/Frameworks/Foundation.framework; sourceTree = SDKROOT; };
		FA42997617BCB4E5006746B7 /* CoreGraphics.framework */ = {isa = PBXFileReference; lastKnownFileType = wrapper.framework; name = CoreGraphics.framework; path = System/Library/Frameworks/CoreGraphics.framework; sourceTree = SDKROOT; };
		FA42997A17BCB4E5006746B7 /* Qube-Info.plist */ = {isa = PBXFileReference; lastKnownFileType = text.plist.xml; path = "Qube-Info.plist"; sourceTree = "<group>"; };
		FA42997C17BCB4E5006746B7 /* en */ = {isa = PBXFileReference; lastKnownFileType = text.plist.strings; name = en; path = en.lproj/InfoPlist.strings; sourceTree = "<group>"; };
		FA42997E17BCB4E5006746B7 /* main.m */ = {isa = PBXFileReference; lastKnownFileType = sourcecode.c.objc; path = main.m; sourceTree = "<group>"; };
		FA42998017BCB4E5006746B7 /* Qube-Prefix.pch */ = {isa = PBXFileReference; lastKnownFileType = sourcecode.c.h; path = "Qube-Prefix.pch"; sourceTree = "<group>"; };
		FA42998117BCB4E5006746B7 /* ANAppDelegate.h */ = {isa = PBXFileReference; lastKnownFileType = sourcecode.c.h; path = ANAppDelegate.h; sourceTree = "<group>"; };
		FA42998217BCB4E5006746B7 /* ANAppDelegate.m */ = {isa = PBXFileReference; lastKnownFileType = sourcecode.c.objc; path = ANAppDelegate.m; sourceTree = "<group>"; };
		FA42998417BCB4E5006746B7 /* Default.png */ = {isa = PBXFileReference; lastKnownFileType = image.png; path = Default.png; sourceTree = "<group>"; };
		FA42998617BCB4E5006746B7 /* Default@2x.png */ = {isa = PBXFileReference; lastKnownFileType = image.png; path = "Default@2x.png"; sourceTree = "<group>"; };
		FA42998817BCB4E5006746B7 /* Default-568h@2x.png */ = {isa = PBXFileReference; lastKnownFileType = image.png; path = "Default-568h@2x.png"; sourceTree = "<group>"; };
		FA42998A17BCB4E5006746B7 /* ANViewController.h */ = {isa = PBXFileReference; lastKnownFileType = sourcecode.c.h; path = ANViewController.h; sourceTree = "<group>"; };
		FA42998B17BCB4E5006746B7 /* ANViewController.m */ = {isa = PBXFileReference; lastKnownFileType = sourcecode.c.objc; path = ANViewController.m; sourceTree = "<group>"; };
		FA42998E17BCB4E5006746B7 /* en */ = {isa = PBXFileReference; lastKnownFileType = file.xib; name = en; path = en.lproj/ANViewController.xib; sourceTree = "<group>"; };
		FA4299A017BCB772006746B7 /* Model.xcdatamodel */ = {isa = PBXFileReference; lastKnownFileType = wrapper.xcdatamodel; path = Model.xcdatamodel; sourceTree = "<group>"; };
		FA4299B917BCBB1B006746B7 /* CoreData.framework */ = {isa = PBXFileReference; lastKnownFileType = wrapper.framework; name = CoreData.framework; path = System/Library/Frameworks/CoreData.framework; sourceTree = SDKROOT; };
		FA4299BB17BCBC1A006746B7 /* ANDataManager.h */ = {isa = PBXFileReference; fileEncoding = 4; lastKnownFileType = sourcecode.c.h; path = ANDataManager.h; sourceTree = "<group>"; };
		FA4299BC17BCBC1A006746B7 /* ANDataManager.m */ = {isa = PBXFileReference; fileEncoding = 4; lastKnownFileType = sourcecode.c.objc; path = ANDataManager.m; sourceTree = "<group>"; };
		FA4299BE17BCBDBF006746B7 /* Icon-72@2x.png */ = {isa = PBXFileReference; lastKnownFileType = image.png; path = "Icon-72@2x.png"; sourceTree = "<group>"; };
		FA4299C217BCBDF0006746B7 /* Version2.xcdatamodel */ = {isa = PBXFileReference; lastKnownFileType = wrapper.xcdatamodel; path = Version2.xcdatamodel; sourceTree = "<group>"; };
		FA4299C317BCBEB6006746B7 /* Icon@2x.png */ = {isa = PBXFileReference; lastKnownFileType = image.png; path = "Icon@2x.png"; sourceTree = "<group>"; };
		FA4299C917BCBF9A006746B7 /* ANTimerHomeVC.h */ = {isa = PBXFileReference; fileEncoding = 4; lastKnownFileType = sourcecode.c.h; path = ANTimerHomeVC.h; sourceTree = "<group>"; };
		FA4299CA17BCBF9A006746B7 /* ANTimerHomeVC.m */ = {isa = PBXFileReference; fileEncoding = 4; lastKnownFileType = sourcecode.c.objc; path = ANTimerHomeVC.m; sourceTree = "<group>"; };
		FA4299CD17BCC02E006746B7 /* ANStatHomeVC.h */ = {isa = PBXFileReference; fileEncoding = 4; lastKnownFileType = sourcecode.c.h; path = ANStatHomeVC.h; sourceTree = "<group>"; };
		FA4299CE17BCC02E006746B7 /* ANStatHomeVC.m */ = {isa = PBXFileReference; fileEncoding = 4; lastKnownFileType = sourcecode.c.objc; path = ANStatHomeVC.m; sourceTree = "<group>"; };
		FA7B18C817BE030C00D6F7D2 /* ANPuzzle+Coding.h */ = {isa = PBXFileReference; fileEncoding = 4; lastKnownFileType = sourcecode.c.h; path = "ANPuzzle+Coding.h"; sourceTree = "<group>"; };
		FA7B18C917BE030C00D6F7D2 /* ANPuzzle+Coding.m */ = {isa = PBXFileReference; fileEncoding = 4; lastKnownFileType = sourcecode.c.objc; path = "ANPuzzle+Coding.m"; sourceTree = "<group>"; };
		FA9F537117C6B1A20024923B /* ANAPICallPuzzleAdd.h */ = {isa = PBXFileReference; fileEncoding = 4; lastKnownFileType = sourcecode.c.h; path = ANAPICallPuzzleAdd.h; sourceTree = "<group>"; };
		FA9F537217C6B1A20024923B /* ANAPICallPuzzleAdd.m */ = {isa = PBXFileReference; fileEncoding = 4; lastKnownFileType = sourcecode.c.objc; path = ANAPICallPuzzleAdd.m; sourceTree = "<group>"; };
		FA9F537317C6B1A20024923B /* ANAPICallPuzzleDeleteRename.h */ = {isa = PBXFileReference; fileEncoding = 4; lastKnownFileType = sourcecode.c.h; path = ANAPICallPuzzleDeleteRename.h; sourceTree = "<group>"; };
		FA9F537417C6B1A20024923B /* ANAPICallPuzzleDeleteRename.m */ = {isa = PBXFileReference; fileEncoding = 4; lastKnownFileType = sourcecode.c.objc; path = ANAPICallPuzzleDeleteRename.m; sourceTree = "<group>"; };
		FA9F537517C6B1A20024923B /* ANAPICallPuzzleDelete.h */ = {isa = PBXFileReference; fileEncoding = 4; lastKnownFileType = sourcecode.c.h; path = ANAPICallPuzzleDelete.h; sourceTree = "<group>"; };
		FA9F537617C6B1A20024923B /* ANAPICallPuzzleDelete.m */ = {isa = PBXFileReference; fileEncoding = 4; lastKnownFileType = sourcecode.c.objc; path = ANAPICallPuzzleDelete.m; sourceTree = "<group>"; };
		FA9F537717C6B1A20024923B /* ANAPICallPuzzleRenameAdd.h */ = {isa = PBXFileReference; fileEncoding = 4; lastKnownFileType = sourcecode.c.h; path = ANAPICallPuzzleRenameAdd.h; sourceTree = "<group>"; };
		FA9F537817C6B1A20024923B /* ANAPICallPuzzleRenameAdd.m */ = {isa = PBXFileReference; fileEncoding = 4; lastKnownFileType = sourcecode.c.objc; path = ANAPICallPuzzleRenameAdd.m; sourceTree = "<group>"; };
		FA9F537917C6B1A20024923B /* ANAPICallPuzzleRename.h */ = {isa = PBXFileReference; fileEncoding = 4; lastKnownFileType = sourcecode.c.h; path = ANAPICallPuzzleRename.h; sourceTree = "<group>"; };
		FA9F537A17C6B1A20024923B /* ANAPICallPuzzleRename.m */ = {isa = PBXFileReference; fileEncoding = 4; lastKnownFileType = sourcecode.c.objc; path = ANAPICallPuzzleRename.m; sourceTree = "<group>"; };
		FA9F537B17C6B1A20024923B /* ANAPICallPuzzleReplace.h */ = {isa = PBXFileReference; fileEncoding = 4; lastKnownFileType = sourcecode.c.h; path = ANAPICallPuzzleReplace.h; sourceTree = "<group>"; };
		FA9F537C17C6B1A20024923B /* ANAPICallPuzzleReplace.m */ = {isa = PBXFileReference; fileEncoding = 4; lastKnownFileType = sourcecode.c.objc; path = ANAPICallPuzzleReplace.m; sourceTree = "<group>"; };
		FA9F537D17C6B1A20024923B /* ANAPICallPuzzleSet.h */ = {isa = PBXFileReference; fileEncoding = 4; lastKnownFileType = sourcecode.c.h; path = ANAPICallPuzzleSet.h; sourceTree = "<group>"; };
		FA9F537E17C6B1A20024923B /* ANAPICallPuzzleSet.m */ = {isa = PBXFileReference; fileEncoding = 4; lastKnownFileType = sourcecode.c.objc; path = ANAPICallPuzzleSet.m; sourceTree = "<group>"; };
		FA9F538017C6B1A20024923B /* ANAPICallSessionAdd.h */ = {isa = PBXFileReference; fileEncoding = 4; lastKnownFileType = sourcecode.c.h; path = ANAPICallSessionAdd.h; sourceTree = "<group>"; };
		FA9F538117C6B1A20024923B /* ANAPICallSessionAdd.m */ = {isa = PBXFileReference; fileEncoding = 4; lastKnownFileType = sourcecode.c.objc; path = ANAPICallSessionAdd.m; sourceTree = "<group>"; };
		FA9F538217C6B1A20024923B /* ANAPICallSessionGetDiff.h */ = {isa = PBXFileReference; fileEncoding = 4; lastKnownFileType = sourcecode.c.h; path = ANAPICallSessionGetDiff.h; sourceTree = "<group>"; };
		FA9F538317C6B1A20024923B /* ANAPICallSessionGetDiff.m */ = {isa = PBXFileReference; fileEncoding = 4; lastKnownFileType = sourcecode.c.objc; path = ANAPICallSessionGetDiff.m; sourceTree = "<group>"; };
		FA9F538417C6B1A20024923B /* ANAPICallSessionGetHashes.h */ = {isa = PBXFileReference; fileEncoding = 4; lastKnownFileType = sourcecode.c.h; path = ANAPICallSessionGetHashes.h; sourceTree = "<group>"; };
		FA9F538517C6B1A20024923B /* ANAPICallSessionGetHashes.m */ = {isa = PBXFileReference; fileEncoding = 4; lastKnownFileType = sourcecode.c.objc; path = ANAPICallSessionGetHashes.m; sourceTree = "<group>"; };
		FA9F539017C6B1B60024923B /* ANAPICallSessionDeleteRequest.h */ = {isa = PBXFileReference; fileEncoding = 4; lastKnownFileType = sourcecode.c.h; path = ANAPICallSessionDeleteRequest.h; sourceTree = "<group>"; };
		FA9F539117C6B1B60024923B /* ANAPICallSessionDeleteRequest.m */ = {isa = PBXFileReference; fileEncoding = 4; lastKnownFileType = sourcecode.c.objc; path = ANAPICallSessionDeleteRequest.m; sourceTree = "<group>"; };
		FA9F539617C6C0310024923B /* ANAccountManager.h */ = {isa = PBXFileReference; fileEncoding = 4; lastKnownFileType = sourcecode.c.h; path = ANAccountManager.h; sourceTree = "<group>"; };
		FA9F539717C6C0310024923B /* ANAccountManager.m */ = {isa = PBXFileReference; fileEncoding = 4; lastKnownFileType = sourcecode.c.objc; path = ANAccountManager.m; sourceTree = "<group>"; };
		FA9F539917C6C2030024923B /* ANAPIBaseCall.h */ = {isa = PBXFileReference; fileEncoding = 4; lastKnownFileType = sourcecode.c.h; path = ANAPIBaseCall.h; sourceTree = "<group>"; };
		FA9F539A17C6C2030024923B /* ANAPIBaseCall.m */ = {isa = PBXFileReference; fileEncoding = 4; lastKnownFileType = sourcecode.c.objc; path = ANAPIBaseCall.m; sourceTree = "<group>"; };
		FA9F539C17C6C7AA0024923B /* Security.framework */ = {isa = PBXFileReference; lastKnownFileType = wrapper.framework; name = Security.framework; path = System/Library/Frameworks/Security.framework; sourceTree = SDKROOT; };
		FA9F53E717C7F0290024923B /* OCSessionAddition.h */ = {isa = PBXFileReference; fileEncoding = 4; lastKnownFileType = sourcecode.c.h; path = OCSessionAddition.h; sourceTree = "<group>"; };
		FA9F53E817C7F0290024923B /* OCSessionAddition.m */ = {isa = PBXFileReference; fileEncoding = 4; lastKnownFileType = sourcecode.c.objc; path = OCSessionAddition.m; sourceTree = "<group>"; };
		FA9F53EA17C7F0290024923B /* OCSessionDeletion.h */ = {isa = PBXFileReference; fileEncoding = 4; lastKnownFileType = sourcecode.c.h; path = OCSessionDeletion.h; sourceTree = "<group>"; };
		FA9F53EB17C7F0290024923B /* OCSessionDeletion.m */ = {isa = PBXFileReference; fileEncoding = 4; lastKnownFileType = sourcecode.c.objc; path = OCSessionDeletion.m; sourceTree = "<group>"; };
		FA9F53ED17C7F0290024923B /* OCPuzzleAddition.h */ = {isa = PBXFileReference; fileEncoding = 4; lastKnownFileType = sourcecode.c.h; path = OCPuzzleAddition.h; sourceTree = "<group>"; };
		FA9F53EE17C7F0290024923B /* OCPuzzleAddition.m */ = {isa = PBXFileReference; fileEncoding = 4; lastKnownFileType = sourcecode.c.objc; path = OCPuzzleAddition.m; sourceTree = "<group>"; };
		FA9F53F317C7F02A0024923B /* OCPuzzleSetting.h */ = {isa = PBXFileReference; fileEncoding = 4; lastKnownFileType = sourcecode.c.h; path = OCPuzzleSetting.h; sourceTree = "<group>"; };
		FA9F53F417C7F02A0024923B /* OCPuzzleSetting.m */ = {isa = PBXFileReference; fileEncoding = 4; lastKnownFileType = sourcecode.c.objc; path = OCPuzzleSetting.m; sourceTree = "<group>"; };
		FA9F53F617C7F02A0024923B /* OCPuzzleDeletion.h */ = {isa = PBXFileReference; fileEncoding = 4; lastKnownFileType = sourcecode.c.h; path = OCPuzzleDeletion.h; sourceTree = "<group>"; };
		FA9F53F717C7F02A0024923B /* OCPuzzleDeletion.m */ = {isa = PBXFileReference; fileEncoding = 4; lastKnownFileType = sourcecode.c.objc; path = OCPuzzleDeletion.m; sourceTree = "<group>"; };
		FA9F53F917C7F04D0024923B /* LocalAccount.h */ = {isa = PBXFileReference; fileEncoding = 4; lastKnownFileType = sourcecode.c.h; name = LocalAccount.h; path = Model/Puzzles/LocalAccount.h; sourceTree = SOURCE_ROOT; };
		FA9F53FA17C7F04D0024923B /* LocalAccount.m */ = {isa = PBXFileReference; fileEncoding = 4; lastKnownFileType = sourcecode.c.objc; name = LocalAccount.m; path = Model/Puzzles/LocalAccount.m; sourceTree = SOURCE_ROOT; };
		FA9F53FC17C7F04E0024923B /* ANSolve.h */ = {isa = PBXFileReference; fileEncoding = 4; lastKnownFileType = sourcecode.c.h; name = ANSolve.h; path = Model/Puzzles/ANSolve.h; sourceTree = SOURCE_ROOT; };
		FA9F53FD17C7F04E0024923B /* ANSolve.m */ = {isa = PBXFileReference; fileEncoding = 4; lastKnownFileType = sourcecode.c.objc; name = ANSolve.m; path = Model/Puzzles/ANSolve.m; sourceTree = SOURCE_ROOT; };
		FA9F53FF17C7F04E0024923B /* ANSession.h */ = {isa = PBXFileReference; fileEncoding = 4; lastKnownFileType = sourcecode.c.h; name = ANSession.h; path = Model/Puzzles/ANSession.h; sourceTree = SOURCE_ROOT; };
		FA9F540017C7F04E0024923B /* ANSession.m */ = {isa = PBXFileReference; fileEncoding = 4; lastKnownFileType = sourcecode.c.objc; name = ANSession.m; path = Model/Puzzles/ANSession.m; sourceTree = SOURCE_ROOT; };
		FA9F540217C7F04E0024923B /* ANPuzzle.h */ = {isa = PBXFileReference; fileEncoding = 4; lastKnownFileType = sourcecode.c.h; name = ANPuzzle.h; path = Model/Puzzles/ANPuzzle.h; sourceTree = SOURCE_ROOT; };
		FA9F540317C7F04E0024923B /* ANPuzzle.m */ = {isa = PBXFileReference; fileEncoding = 4; lastKnownFileType = sourcecode.c.objc; name = ANPuzzle.m; path = Model/Puzzles/ANPuzzle.m; sourceTree = SOURCE_ROOT; };
		FA9F540517C807D30024923B /* ANSyncManager.h */ = {isa = PBXFileReference; fileEncoding = 4; lastKnownFileType = sourcecode.c.h; path = ANSyncManager.h; sourceTree = "<group>"; };
		FA9F540617C807D30024923B /* ANSyncManager.m */ = {isa = PBXFileReference; fileEncoding = 4; lastKnownFileType = sourcecode.c.objc; path = ANSyncManager.m; sourceTree = "<group>"; };
		FA9F540F17C8236A0024923B /* ANGeneralSyncer.h */ = {isa = PBXFileReference; fileEncoding = 4; lastKnownFileType = sourcecode.c.h; path = ANGeneralSyncer.h; sourceTree = "<group>"; };
		FA9F541017C8236A0024923B /* ANGeneralSyncer.m */ = {isa = PBXFileReference; fileEncoding = 4; lastKnownFileType = sourcecode.c.objc; path = ANGeneralSyncer.m; sourceTree = "<group>"; };
		FA9F541117C8236A0024923B /* ANSyncSession.h */ = {isa = PBXFileReference; fileEncoding = 4; lastKnownFileType = sourcecode.c.h; path = ANSyncSession.h; sourceTree = "<group>"; };
		FA9F541217C8236A0024923B /* ANSyncSession.m */ = {isa = PBXFileReference; fileEncoding = 4; lastKnownFileType = sourcecode.c.objc; path = ANSyncSession.m; sourceTree = "<group>"; };
		FA9F541417C8236A0024923B /* ANPuzzleAdder.h */ = {isa = PBXFileReference; fileEncoding = 4; lastKnownFileType = sourcecode.c.h; path = ANPuzzleAdder.h; sourceTree = "<group>"; };
		FA9F541517C8236A0024923B /* ANPuzzleAdder.m */ = {isa = PBXFileReference; fileEncoding = 4; lastKnownFileType = sourcecode.c.objc; path = ANPuzzleAdder.m; sourceTree = "<group>"; };
		FA9F541617C8236A0024923B /* ANPuzzleDeleter.h */ = {isa = PBXFileReference; fileEncoding = 4; lastKnownFileType = sourcecode.c.h; path = ANPuzzleDeleter.h; sourceTree = "<group>"; };
		FA9F541717C8236A0024923B /* ANPuzzleDeleter.m */ = {isa = PBXFileReference; fileEncoding = 4; lastKnownFileType = sourcecode.c.objc; path = ANPuzzleDeleter.m; sourceTree = "<group>"; };
		FA9F541817C8236A0024923B /* ANPuzzleGetter.h */ = {isa = PBXFileReference; fileEncoding = 4; lastKnownFileType = sourcecode.c.h; path = ANPuzzleGetter.h; sourceTree = "<group>"; };
		FA9F541917C8236A0024923B /* ANPuzzleGetter.m */ = {isa = PBXFileReference; fileEncoding = 4; lastKnownFileType = sourcecode.c.objc; path = ANPuzzleGetter.m; sourceTree = "<group>"; };
		FA9F541A17C8236A0024923B /* ANPuzzleOrderer.h */ = {isa = PBXFileReference; fileEncoding = 4; lastKnownFileType = sourcecode.c.h; path = ANPuzzleOrderer.h; sourceTree = "<group>"; };
		FA9F541B17C8236A0024923B /* ANPuzzleOrderer.m */ = {isa = PBXFileReference; fileEncoding = 4; lastKnownFileType = sourcecode.c.objc; path = ANPuzzleOrderer.m; sourceTree = "<group>"; };
		FA9F541C17C8236A0024923B /* ANPuzzleRenamer.h */ = {isa = PBXFileReference; fileEncoding = 4; lastKnownFileType = sourcecode.c.h; path = ANPuzzleRenamer.h; sourceTree = "<group>"; };
		FA9F541D17C8236A0024923B /* ANPuzzleRenamer.m */ = {isa = PBXFileReference; fileEncoding = 4; lastKnownFileType = sourcecode.c.objc; path = ANPuzzleRenamer.m; sourceTree = "<group>"; };
		FA9F541E17C8236A0024923B /* ANPuzzleSetter.h */ = {isa = PBXFileReference; fileEncoding = 4; lastKnownFileType = sourcecode.c.h; path = ANPuzzleSetter.h; sourceTree = "<group>"; };
		FA9F541F17C8236A0024923B /* ANPuzzleSetter.m */ = {isa = PBXFileReference; fileEncoding = 4; lastKnownFileType = sourcecode.c.objc; path = ANPuzzleSetter.m; sourceTree = "<group>"; };
		FA9F542017C8236A0024923B /* ANPuzzleSyncer.h */ = {isa = PBXFileReference; fileEncoding = 4; lastKnownFileType = sourcecode.c.h; path = ANPuzzleSyncer.h; sourceTree = "<group>"; };
		FA9F542117C8236A0024923B /* ANPuzzleSyncer.m */ = {isa = PBXFileReference; fileEncoding = 4; lastKnownFileType = sourcecode.c.objc; path = ANPuzzleSyncer.m; sourceTree = "<group>"; };
		FA9F542317C8236A0024923B /* ANSessionAdder.h */ = {isa = PBXFileReference; fileEncoding = 4; lastKnownFileType = sourcecode.c.h; path = ANSessionAdder.h; sourceTree = "<group>"; };
		FA9F542417C8236A0024923B /* ANSessionAdder.m */ = {isa = PBXFileReference; fileEncoding = 4; lastKnownFileType = sourcecode.c.objc; path = ANSessionAdder.m; sourceTree = "<group>"; };
		FA9F542517C8236A0024923B /* ANSessionDeleter.h */ = {isa = PBXFileReference; fileEncoding = 4; lastKnownFileType = sourcecode.c.h; path = ANSessionDeleter.h; sourceTree = "<group>"; };
		FA9F542617C8236A0024923B /* ANSessionDeleter.m */ = {isa = PBXFileReference; fileEncoding = 4; lastKnownFileType = sourcecode.c.objc; path = ANSessionDeleter.m; sourceTree = "<group>"; };
		FA9F542717C8236A0024923B /* ANSessionSyncer.h */ = {isa = PBXFileReference; fileEncoding = 4; lastKnownFileType = sourcecode.c.h; path = ANSessionSyncer.h; sourceTree = "<group>"; };
		FA9F542817C8236A0024923B /* ANSessionSyncer.m */ = {isa = PBXFileReference; fileEncoding = 4; lastKnownFileType = sourcecode.c.objc; path = ANSessionSyncer.m; sourceTree = "<group>"; };
		FA9F542A17C8236A0024923B /* ANSessionGetter.h */ = {isa = PBXFileReference; fileEncoding = 4; lastKnownFileType = sourcecode.c.h; path = ANSessionGetter.h; sourceTree = "<group>"; };
		FA9F542B17C8236A0024923B /* ANSessionGetter.m */ = {isa = PBXFileReference; fileEncoding = 4; lastKnownFileType = sourcecode.c.objc; path = ANSessionGetter.m; sourceTree = "<group>"; };
		FA9F542C17C8236A0024923B /* ANSessionsHasher.h */ = {isa = PBXFileReference; fileEncoding = 4; lastKnownFileType = sourcecode.c.h; path = ANSessionsHasher.h; sourceTree = "<group>"; };
		FA9F542D17C8236A0024923B /* ANSessionsHasher.m */ = {isa = PBXFileReference; fileEncoding = 4; lastKnownFileType = sourcecode.c.objc; path = ANSessionsHasher.m; sourceTree = "<group>"; };
		FA9F544017C824CB0024923B /* OCAccountChange.h */ = {isa = PBXFileReference; fileEncoding = 4; lastKnownFileType = sourcecode.c.h; path = OCAccountChange.h; sourceTree = "<group>"; };
		FA9F544117C824CB0024923B /* OCAccountChange.m */ = {isa = PBXFileReference; fileEncoding = 4; lastKnownFileType = sourcecode.c.objc; path = OCAccountChange.m; sourceTree = "<group>"; };
		FA9F544217C824CB0024923B /* OfflineChanges.h */ = {isa = PBXFileReference; fileEncoding = 4; lastKnownFileType = sourcecode.c.h; path = OfflineChanges.h; sourceTree = "<group>"; };
		FA9F544317C824CB0024923B /* OfflineChanges.m */ = {isa = PBXFileReference; fileEncoding = 4; lastKnownFileType = sourcecode.c.objc; path = OfflineChanges.m; sourceTree = "<group>"; };
		FA9F544617C8256D0024923B /* LocalAccount+Coding.h */ = {isa = PBXFileReference; fileEncoding = 4; lastKnownFileType = sourcecode.c.h; path = "LocalAccount+Coding.h"; sourceTree = "<group>"; };
		FA9F544717C8256D0024923B /* LocalAccount+Coding.m */ = {isa = PBXFileReference; fileEncoding = 4; lastKnownFileType = sourcecode.c.objc; path = "LocalAccount+Coding.m"; sourceTree = "<group>"; };
		FAA38A4517C9A476009361A8 /* ANAccountSyncer.h */ = {isa = PBXFileReference; fileEncoding = 4; lastKnownFileType = sourcecode.c.h; path = ANAccountSyncer.h; sourceTree = "<group>"; };
		FAA38A4617C9A476009361A8 /* ANAccountSyncer.m */ = {isa = PBXFileReference; fileEncoding = 4; lastKnownFileType = sourcecode.c.objc; path = ANAccountSyncer.m; sourceTree = "<group>"; };
		FAA38A4917C9A558009361A8 /* ANAPIAddRenameResponse.h */ = {isa = PBXFileReference; fileEncoding = 4; lastKnownFileType = sourcecode.c.h; path = ANAPIAddRenameResponse.h; sourceTree = "<group>"; };
		FAA38A4A17C9A558009361A8 /* ANAPIAddRenameResponse.m */ = {isa = PBXFileReference; fileEncoding = 4; lastKnownFileType = sourcecode.c.objc; path = ANAPIAddRenameResponse.m; sourceTree = "<group>"; };
		FAA38A4B17C9A558009361A8 /* ANAPIConflict.h */ = {isa = PBXFileReference; fileEncoding = 4; lastKnownFileType = sourcecode.c.h; path = ANAPIConflict.h; sourceTree = "<group>"; };
		FAA38A4C17C9A558009361A8 /* ANAPIConflict.m */ = {isa = PBXFileReference; fileEncoding = 4; lastKnownFileType = sourcecode.c.objc; path = ANAPIConflict.m; sourceTree = "<group>"; };
		FAA38A4D17C9A558009361A8 /* ANAPIDeleteResponse.h */ = {isa = PBXFileReference; fileEncoding = 4; lastKnownFileType = sourcecode.c.h; path = ANAPIDeleteResponse.h; sourceTree = "<group>"; };
		FAA38A4E17C9A558009361A8 /* ANAPIDeleteResponse.m */ = {isa = PBXFileReference; fileEncoding = 4; lastKnownFileType = sourcecode.c.objc; path = ANAPIDeleteResponse.m; sourceTree = "<group>"; };
		FAA38A4F17C9A558009361A8 /* ANAPIPuzzle.h */ = {isa = PBXFileReference; fileEncoding = 4; lastKnownFileType = sourcecode.c.h; path = ANAPIPuzzle.h; sourceTree = "<group>"; };
		FAA38A5017C9A558009361A8 /* ANAPIPuzzle.m */ = {isa = PBXFileReference; fileEncoding = 4; lastKnownFileType = sourcecode.c.objc; path = ANAPIPuzzle.m; sourceTree = "<group>"; };
		FAA38A5117C9A558009361A8 /* ANAPIPuzzleSetResponse.h */ = {isa = PBXFileReference; fileEncoding = 4; lastKnownFileType = sourcecode.c.h; path = ANAPIPuzzleSetResponse.h; sourceTree = "<group>"; };
		FAA38A5217C9A558009361A8 /* ANAPIPuzzleSetResponse.m */ = {isa = PBXFileReference; fileEncoding = 4; lastKnownFileType = sourcecode.c.objc; path = ANAPIPuzzleSetResponse.m; sourceTree = "<group>"; };
		FAA38A5817C9A97A009361A8 /* ANAPICallAccountSet.h */ = {isa = PBXFileReference; fileEncoding = 4; lastKnownFileType = sourcecode.c.h; path = ANAPICallAccountSet.h; sourceTree = "<group>"; };
		FAA38A5917C9A97A009361A8 /* ANAPICallAccountSet.m */ = {isa = PBXFileReference; fileEncoding = 4; lastKnownFileType = sourcecode.c.objc; path = ANAPICallAccountSet.m; sourceTree = "<group>"; };
		FAB9002717C3FEA8002DB676 /* ANSession+Coding.h */ = {isa = PBXFileReference; fileEncoding = 4; lastKnownFileType = sourcecode.c.h; path = "ANSession+Coding.h"; sourceTree = "<group>"; };
		FAB9002817C3FEA8002DB676 /* ANSession+Coding.m */ = {isa = PBXFileReference; fileEncoding = 4; lastKnownFileType = sourcecode.c.objc; path = "ANSession+Coding.m"; sourceTree = "<group>"; };
		FAB9002A17C405A3002DB676 /* ANAPISessionAddResponse.h */ = {isa = PBXFileReference; fileEncoding = 4; lastKnownFileType = sourcecode.c.h; path = ANAPISessionAddResponse.h; sourceTree = "<group>"; };
		FAB9002B17C405A3002DB676 /* ANAPISessionAddResponse.m */ = {isa = PBXFileReference; fileEncoding = 4; lastKnownFileType = sourcecode.c.objc; path = ANAPISessionAddResponse.m; sourceTree = "<group>"; };
		FAC7EE0517C0481B00DE49EE /* ANRenameCollisionConflict.h */ = {isa = PBXFileReference; fileEncoding = 4; lastKnownFileType = sourcecode.c.h; path = ANRenameCollisionConflict.h; sourceTree = "<group>"; };
		FAC7EE0617C0481B00DE49EE /* ANRenameCollisionConflict.m */ = {isa = PBXFileReference; fileEncoding = 4; lastKnownFileType = sourcecode.c.objc; path = ANRenameCollisionConflict.m; sourceTree = "<group>"; };
		FAC7EE2A17C0B50000DE49EE /* ANDataManager+Search.h */ = {isa = PBXFileReference; fileEncoding = 4; lastKnownFileType = sourcecode.c.h; path = "ANDataManager+Search.h"; sourceTree = "<group>"; };
		FAC7EE2B17C0B50000DE49EE /* ANDataManager+Search.m */ = {isa = PBXFileReference; fileEncoding = 4; lastKnownFileType = sourcecode.c.objc; path = "ANDataManager+Search.m"; sourceTree = "<group>"; };
/* End PBXFileReference section */

/* Begin PBXFrameworksBuildPhase section */
		FA42996C17BCB4E5006746B7 /* Frameworks */ = {
			isa = PBXFrameworksBuildPhase;
			buildActionMask = 2147483647;
			files = (
				FA9F539D17C6C7AA0024923B /* Security.framework in Frameworks */,
				FA4299BA17BCBB1C006746B7 /* CoreData.framework in Frameworks */,
				FA42997317BCB4E5006746B7 /* UIKit.framework in Frameworks */,
				FA42997517BCB4E5006746B7 /* Foundation.framework in Frameworks */,
				FA42997717BCB4E5006746B7 /* CoreGraphics.framework in Frameworks */,
			);
			runOnlyForDeploymentPostprocessing = 0;
		};
/* End PBXFrameworksBuildPhase section */

/* Begin PBXGroup section */
		FA22183717BDB85700D71F71 /* Offline Changes */ = {
			isa = PBXGroup;
			children = (
				FA9F544017C824CB0024923B /* OCAccountChange.h */,
				FA9F544117C824CB0024923B /* OCAccountChange.m */,
				FA9F544217C824CB0024923B /* OfflineChanges.h */,
				FA9F544317C824CB0024923B /* OfflineChanges.m */,
				FA9F53F617C7F02A0024923B /* OCPuzzleDeletion.h */,
				FA9F53F717C7F02A0024923B /* OCPuzzleDeletion.m */,
				FA9F53F317C7F02A0024923B /* OCPuzzleSetting.h */,
				FA9F53F417C7F02A0024923B /* OCPuzzleSetting.m */,
				FA9F53ED17C7F0290024923B /* OCPuzzleAddition.h */,
				FA9F53EE17C7F0290024923B /* OCPuzzleAddition.m */,
				FA9F53EA17C7F0290024923B /* OCSessionDeletion.h */,
				FA9F53EB17C7F0290024923B /* OCSessionDeletion.m */,
				FA9F53E717C7F0290024923B /* OCSessionAddition.h */,
				FA9F53E817C7F0290024923B /* OCSessionAddition.m */,
			);
			path = "Offline Changes";
			sourceTree = "<group>";
		};
		FA22185D17BDE92400D71F71 /* Remote */ = {
			isa = PBXGroup;
			children = (
				FA9F539917C6C2030024923B /* ANAPIBaseCall.h */,
				FA9F539A17C6C2030024923B /* ANAPIBaseCall.m */,
				FA22185E17BDE93000D71F71 /* ANAPICall.h */,
				FA22185F17BDE93000D71F71 /* ANAPICall.m */,
				FA9F539617C6C0310024923B /* ANAccountManager.h */,
				FA9F539717C6C0310024923B /* ANAccountManager.m */,
				FA9F540517C807D30024923B /* ANSyncManager.h */,
				FA9F540617C807D30024923B /* ANSyncManager.m */,
				FA9F540E17C8236A0024923B /* Sync */,
				FAC7EDDE17BF46D100DE49EE /* API Packets */,
				FA7B18C717BE030C00D6F7D2 /* Coders */,
				FA22186717BDEF7400D71F71 /* Conflicts */,
			);
			path = Remote;
			sourceTree = "<group>";
		};
		FA22186717BDEF7400D71F71 /* Conflicts */ = {
			isa = PBXGroup;
			children = (
				FA22186817BDEF7E00D71F71 /* ANConflict.h */,
				FA22186917BDEF7E00D71F71 /* ANConflict.m */,
				FA22186E17BDF0A300D71F71 /* ANNameCollisionConflict.h */,
				FA22186F17BDF0A300D71F71 /* ANNameCollisionConflict.m */,
				FAC7EE0517C0481B00DE49EE /* ANRenameCollisionConflict.h */,
				FAC7EE0617C0481B00DE49EE /* ANRenameCollisionConflict.m */,
			);
			path = Conflicts;
			sourceTree = "<group>";
		};
		FA22187417BDF2D300D71F71 /* Conflict Resolver */ = {
			isa = PBXGroup;
			children = (
				FA22187517BDF2DB00D71F71 /* ANConflictResolver.h */,
				FA22187617BDF2DB00D71F71 /* ANConflictResolver.m */,
			);
			path = "Conflict Resolver";
			sourceTree = "<group>";
		};
		FA2B335017C4780600F40616 /* Utilities */ = {
			isa = PBXGroup;
			children = (
				FA2B335117C478B000F40616 /* NSData+MD5.h */,
				FA2B335217C478B000F40616 /* NSData+MD5.m */,
			);
			path = Utilities;
			sourceTree = "<group>";
		};
		FA2C289517BCC75C00F667F6 /* Settings */ = {
			isa = PBXGroup;
			children = (
				FA2C289617BCC76700F667F6 /* ANSettingsHomeVC.h */,
				FA2C289717BCC76700F667F6 /* ANSettingsHomeVC.m */,
			);
			path = Settings;
			sourceTree = "<group>";
		};
		FA42996617BCB4E5006746B7 = {
			isa = PBXGroup;
			children = (
				FA2B335017C4780600F40616 /* Utilities */,
				FA42999517BCB542006746B7 /* Model */,
				FA42997817BCB4E5006746B7 /* Qube */,
				FA42997117BCB4E5006746B7 /* Frameworks */,
				FA42997017BCB4E5006746B7 /* Products */,
			);
			sourceTree = "<group>";
		};
		FA42997017BCB4E5006746B7 /* Products */ = {
			isa = PBXGroup;
			children = (
				FA42996F17BCB4E5006746B7 /* Qube.app */,
			);
			name = Products;
			sourceTree = "<group>";
		};
		FA42997117BCB4E5006746B7 /* Frameworks */ = {
			isa = PBXGroup;
			children = (
				FA9F539C17C6C7AA0024923B /* Security.framework */,
				FA2B335417C52FA400F40616 /* libcommonCrypto.dylib */,
				FA4299B917BCBB1B006746B7 /* CoreData.framework */,
				FA42997217BCB4E5006746B7 /* UIKit.framework */,
				FA42997417BCB4E5006746B7 /* Foundation.framework */,
				FA42997617BCB4E5006746B7 /* CoreGraphics.framework */,
			);
			name = Frameworks;
			sourceTree = "<group>";
		};
		FA42997817BCB4E5006746B7 /* Qube */ = {
			isa = PBXGroup;
			children = (
				FA22187417BDF2D300D71F71 /* Conflict Resolver */,
				FA2C289517BCC75C00F667F6 /* Settings */,
				FA4299CC17BCC020006746B7 /* Statistics */,
				FA4299C817BCBF9A006746B7 /* Timer */,
				FA42998117BCB4E5006746B7 /* ANAppDelegate.h */,
				FA42998217BCB4E5006746B7 /* ANAppDelegate.m */,
				FA42998A17BCB4E5006746B7 /* ANViewController.h */,
				FA42998B17BCB4E5006746B7 /* ANViewController.m */,
				FA42998D17BCB4E5006746B7 /* ANViewController.xib */,
				FA42997917BCB4E5006746B7 /* Supporting Files */,
			);
			path = Qube;
			sourceTree = "<group>";
		};
		FA42997917BCB4E5006746B7 /* Supporting Files */ = {
			isa = PBXGroup;
			children = (
				FA2C288417BCC42C00F667F6 /* clock@2x.png */,
				FA2C288B17BCC5E900F667F6 /* clock_highlighted@2x.png */,
				FA2C288817BCC56D00F667F6 /* calculator@2x.png */,
				FA2C288F17BCC64000F667F6 /* calculator_highlighted@2x.png */,
				FA2C289117BCC70800F667F6 /* gear_highlighted@2x.png */,
				FA2C289217BCC70800F667F6 /* gear@2x.png */,
				FA4299BE17BCBDBF006746B7 /* Icon-72@2x.png */,
				FA4299C317BCBEB6006746B7 /* Icon@2x.png */,
				FA42997A17BCB4E5006746B7 /* Qube-Info.plist */,
				FA42997B17BCB4E5006746B7 /* InfoPlist.strings */,
				FA42997E17BCB4E5006746B7 /* main.m */,
				FA42998017BCB4E5006746B7 /* Qube-Prefix.pch */,
				FA42998417BCB4E5006746B7 /* Default.png */,
				FA42998617BCB4E5006746B7 /* Default@2x.png */,
				FA42998817BCB4E5006746B7 /* Default-568h@2x.png */,
				FA42999F17BCB772006746B7 /* Model.xcdatamodeld */,
			);
			name = "Supporting Files";
			sourceTree = "<group>";
		};
		FA42999517BCB542006746B7 /* Model */ = {
			isa = PBXGroup;
			children = (
				FA22185D17BDE92400D71F71 /* Remote */,
				FA22183717BDB85700D71F71 /* Offline Changes */,
				FA7B18BA17BDFAF300D6F7D2 /* Puzzles */,
				FA2217FC17BCCE4100D71F71 /* ANConstants.h */,
				FA4299BB17BCBC1A006746B7 /* ANDataManager.h */,
				FA4299BC17BCBC1A006746B7 /* ANDataManager.m */,
				FAC7EE2A17C0B50000DE49EE /* ANDataManager+Search.h */,
				FAC7EE2B17C0B50000DE49EE /* ANDataManager+Search.m */,
			);
			path = Model;
			sourceTree = "<group>";
		};
		FA4299C817BCBF9A006746B7 /* Timer */ = {
			isa = PBXGroup;
			children = (
				FA4299C917BCBF9A006746B7 /* ANTimerHomeVC.h */,
				FA4299CA17BCBF9A006746B7 /* ANTimerHomeVC.m */,
			);
			path = Timer;
			sourceTree = "<group>";
		};
		FA4299CC17BCC020006746B7 /* Statistics */ = {
			isa = PBXGroup;
			children = (
				FA4299CD17BCC02E006746B7 /* ANStatHomeVC.h */,
				FA4299CE17BCC02E006746B7 /* ANStatHomeVC.m */,
			);
			path = Statistics;
			sourceTree = "<group>";
		};
		FA7B18BA17BDFAF300D6F7D2 /* Puzzles */ = {
			isa = PBXGroup;
			children = (
				FA9F53F917C7F04D0024923B /* LocalAccount.h */,
				FA9F53FA17C7F04D0024923B /* LocalAccount.m */,
				FA9F540217C7F04E0024923B /* ANPuzzle.h */,
				FA9F540317C7F04E0024923B /* ANPuzzle.m */,
				FA9F53FF17C7F04E0024923B /* ANSession.h */,
				FA9F540017C7F04E0024923B /* ANSession.m */,
				FA9F53FC17C7F04E0024923B /* ANSolve.h */,
				FA9F53FD17C7F04E0024923B /* ANSolve.m */,
			);
			path = Puzzles;
			sourceTree = "<group>";
		};
		FA7B18C717BE030C00D6F7D2 /* Coders */ = {
			isa = PBXGroup;
			children = (
				FA7B18C817BE030C00D6F7D2 /* ANPuzzle+Coding.h */,
				FA7B18C917BE030C00D6F7D2 /* ANPuzzle+Coding.m */,
				FAB9002717C3FEA8002DB676 /* ANSession+Coding.h */,
				FAB9002817C3FEA8002DB676 /* ANSession+Coding.m */,
				FA9F544617C8256D0024923B /* LocalAccount+Coding.h */,
				FA9F544717C8256D0024923B /* LocalAccount+Coding.m */,
			);
			path = Coders;
			sourceTree = "<group>";
		};
		FA9F537017C6B1A20024923B /* Puzzles */ = {
			isa = PBXGroup;
			children = (
				FA9F537117C6B1A20024923B /* ANAPICallPuzzleAdd.h */,
				FA9F537217C6B1A20024923B /* ANAPICallPuzzleAdd.m */,
				FA9F537317C6B1A20024923B /* ANAPICallPuzzleDeleteRename.h */,
				FA9F537417C6B1A20024923B /* ANAPICallPuzzleDeleteRename.m */,
				FA9F537517C6B1A20024923B /* ANAPICallPuzzleDelete.h */,
				FA9F537617C6B1A20024923B /* ANAPICallPuzzleDelete.m */,
				FA9F537717C6B1A20024923B /* ANAPICallPuzzleRenameAdd.h */,
				FA9F537817C6B1A20024923B /* ANAPICallPuzzleRenameAdd.m */,
				FA9F537917C6B1A20024923B /* ANAPICallPuzzleRename.h */,
				FA9F537A17C6B1A20024923B /* ANAPICallPuzzleRename.m */,
				FA9F537B17C6B1A20024923B /* ANAPICallPuzzleReplace.h */,
				FA9F537C17C6B1A20024923B /* ANAPICallPuzzleReplace.m */,
				FA9F537D17C6B1A20024923B /* ANAPICallPuzzleSet.h */,
				FA9F537E17C6B1A20024923B /* ANAPICallPuzzleSet.m */,
			);
			path = Puzzles;
			sourceTree = "<group>";
		};
		FA9F537F17C6B1A20024923B /* Sessions */ = {
			isa = PBXGroup;
			children = (
				FA9F538017C6B1A20024923B /* ANAPICallSessionAdd.h */,
				FA9F538117C6B1A20024923B /* ANAPICallSessionAdd.m */,
				FA9F538217C6B1A20024923B /* ANAPICallSessionGetDiff.h */,
				FA9F538317C6B1A20024923B /* ANAPICallSessionGetDiff.m */,
				FA9F538417C6B1A20024923B /* ANAPICallSessionGetHashes.h */,
				FA9F538517C6B1A20024923B /* ANAPICallSessionGetHashes.m */,
				FA9F539017C6B1B60024923B /* ANAPICallSessionDeleteRequest.h */,
				FA9F539117C6B1B60024923B /* ANAPICallSessionDeleteRequest.m */,
			);
			path = Sessions;
			sourceTree = "<group>";
		};
		FA9F540E17C8236A0024923B /* Sync */ = {
			isa = PBXGroup;
			children = (
				FA9F541117C8236A0024923B /* ANSyncSession.h */,
				FA9F541217C8236A0024923B /* ANSyncSession.m */,
				FA9F540F17C8236A0024923B /* ANGeneralSyncer.h */,
				FA9F541017C8236A0024923B /* ANGeneralSyncer.m */,
				FAA38A4417C9A476009361A8 /* Account Syncer */,
				FA9F541317C8236A0024923B /* Puzzle Syncer */,
				FA9F542217C8236A0024923B /* Session Syncer */,
			);
			path = Sync;
			sourceTree = "<group>";
		};
		FA9F541317C8236A0024923B /* Puzzle Syncer */ = {
			isa = PBXGroup;
			children = (
				FA9F541417C8236A0024923B /* ANPuzzleAdder.h */,
				FA9F541517C8236A0024923B /* ANPuzzleAdder.m */,
				FA9F541617C8236A0024923B /* ANPuzzleDeleter.h */,
				FA9F541717C8236A0024923B /* ANPuzzleDeleter.m */,
				FA9F541817C8236A0024923B /* ANPuzzleGetter.h */,
				FA9F541917C8236A0024923B /* ANPuzzleGetter.m */,
				FA9F541A17C8236A0024923B /* ANPuzzleOrderer.h */,
				FA9F541B17C8236A0024923B /* ANPuzzleOrderer.m */,
				FA9F541C17C8236A0024923B /* ANPuzzleRenamer.h */,
				FA9F541D17C8236A0024923B /* ANPuzzleRenamer.m */,
				FA9F541E17C8236A0024923B /* ANPuzzleSetter.h */,
				FA9F541F17C8236A0024923B /* ANPuzzleSetter.m */,
				FA9F542017C8236A0024923B /* ANPuzzleSyncer.h */,
				FA9F542117C8236A0024923B /* ANPuzzleSyncer.m */,
			);
			path = "Puzzle Syncer";
			sourceTree = "<group>";
		};
		FA9F542217C8236A0024923B /* Session Syncer */ = {
			isa = PBXGroup;
			children = (
				FA9F542717C8236A0024923B /* ANSessionSyncer.h */,
				FA9F542817C8236A0024923B /* ANSessionSyncer.m */,
				FA9F542317C8236A0024923B /* ANSessionAdder.h */,
				FA9F542417C8236A0024923B /* ANSessionAdder.m */,
				FA9F542517C8236A0024923B /* ANSessionDeleter.h */,
				FA9F542617C8236A0024923B /* ANSessionDeleter.m */,
				FA9F542917C8236A0024923B /* Session Getter */,
			);
			path = "Session Syncer";
			sourceTree = "<group>";
		};
		FA9F542917C8236A0024923B /* Session Getter */ = {
			isa = PBXGroup;
			children = (
				FA9F542A17C8236A0024923B /* ANSessionGetter.h */,
				FA9F542B17C8236A0024923B /* ANSessionGetter.m */,
				FA9F542C17C8236A0024923B /* ANSessionsHasher.h */,
				FA9F542D17C8236A0024923B /* ANSessionsHasher.m */,
			);
			path = "Session Getter";
			sourceTree = "<group>";
		};
		FA9F543F17C824AA0024923B /* Accounts */ = {
			isa = PBXGroup;
			children = (
				FAA38A5817C9A97A009361A8 /* ANAPICallAccountSet.h */,
				FAA38A5917C9A97A009361A8 /* ANAPICallAccountSet.m */,
			);
			path = Accounts;
			sourceTree = "<group>";
		};
		FAA38A4417C9A476009361A8 /* Account Syncer */ = {
			isa = PBXGroup;
			children = (
				FAA38A4517C9A476009361A8 /* ANAccountSyncer.h */,
				FAA38A4617C9A476009361A8 /* ANAccountSyncer.m */,
			);
			path = "Account Syncer";
			sourceTree = "<group>";
		};
		FAA38A4817C9A558009361A8 /* Puzzles */ = {
			isa = PBXGroup;
			children = (
				FAA38A4917C9A558009361A8 /* ANAPIAddRenameResponse.h */,
				FAA38A4A17C9A558009361A8 /* ANAPIAddRenameResponse.m */,
				FAA38A4B17C9A558009361A8 /* ANAPIConflict.h */,
				FAA38A4C17C9A558009361A8 /* ANAPIConflict.m */,
				FAA38A4D17C9A558009361A8 /* ANAPIDeleteResponse.h */,
				FAA38A4E17C9A558009361A8 /* ANAPIDeleteResponse.m */,
				FAA38A4F17C9A558009361A8 /* ANAPIPuzzle.h */,
				FAA38A5017C9A558009361A8 /* ANAPIPuzzle.m */,
				FAA38A5117C9A558009361A8 /* ANAPIPuzzleSetResponse.h */,
				FAA38A5217C9A558009361A8 /* ANAPIPuzzleSetResponse.m */,
			);
			path = Puzzles;
			sourceTree = "<group>";
		};
		FAC7EDDE17BF46D100DE49EE /* API Packets */ = {
			isa = PBXGroup;
			children = (
				FAC7EDEE17BF59A200DE49EE /* Calls */,
				FAC7EDF517BF59A200DE49EE /* Response Objects */,
			);
			path = "API Packets";
			sourceTree = "<group>";
		};
		FAC7EDEE17BF59A200DE49EE /* Calls */ = {
			isa = PBXGroup;
			children = (
				FA9F543F17C824AA0024923B /* Accounts */,
				FA9F537017C6B1A20024923B /* Puzzles */,
				FA9F537F17C6B1A20024923B /* Sessions */,
			);
			path = Calls;
			sourceTree = "<group>";
		};
		FAC7EDF517BF59A200DE49EE /* Response Objects */ = {
			isa = PBXGroup;
			children = (
				FAA38A4817C9A558009361A8 /* Puzzles */,
				FAB9002A17C405A3002DB676 /* ANAPISessionAddResponse.h */,
				FAB9002B17C405A3002DB676 /* ANAPISessionAddResponse.m */,
				FA2B335D17C55F2300F40616 /* ANAPISessionDiffList.h */,
				FA2B335E17C55F2300F40616 /* ANAPISessionDiffList.m */,
				FA2B336317C5623300F40616 /* ANAPISessionHashes.h */,
				FA2B336417C5623300F40616 /* ANAPISessionHashes.m */,
			);
			path = "Response Objects";
			sourceTree = "<group>";
		};
/* End PBXGroup section */

/* Begin PBXNativeTarget section */
		FA42996E17BCB4E5006746B7 /* Qube */ = {
			isa = PBXNativeTarget;
			buildConfigurationList = FA42999217BCB4E5006746B7 /* Build configuration list for PBXNativeTarget "Qube" */;
			buildPhases = (
				FA42996B17BCB4E5006746B7 /* Sources */,
				FA42996C17BCB4E5006746B7 /* Frameworks */,
				FA42996D17BCB4E5006746B7 /* Resources */,
			);
			buildRules = (
			);
			dependencies = (
			);
			name = Qube;
			productName = Qube;
			productReference = FA42996F17BCB4E5006746B7 /* Qube.app */;
			productType = "com.apple.product-type.application";
		};
/* End PBXNativeTarget section */

/* Begin PBXProject section */
		FA42996717BCB4E5006746B7 /* Project object */ = {
			isa = PBXProject;
			attributes = {
				CLASSPREFIX = AN;
				LastUpgradeCheck = 0460;
				ORGANIZATIONNAME = "Alex Nichol";
			};
			buildConfigurationList = FA42996A17BCB4E5006746B7 /* Build configuration list for PBXProject "Qube" */;
			compatibilityVersion = "Xcode 3.2";
			developmentRegion = English;
			hasScannedForEncodings = 0;
			knownRegions = (
				en,
			);
			mainGroup = FA42996617BCB4E5006746B7;
			productRefGroup = FA42997017BCB4E5006746B7 /* Products */;
			projectDirPath = "";
			projectRoot = "";
			targets = (
				FA42996E17BCB4E5006746B7 /* Qube */,
			);
		};
/* End PBXProject section */

/* Begin PBXResourcesBuildPhase section */
		FA42996D17BCB4E5006746B7 /* Resources */ = {
			isa = PBXResourcesBuildPhase;
			buildActionMask = 2147483647;
			files = (
				FA42997D17BCB4E5006746B7 /* InfoPlist.strings in Resources */,
				FA2C288A17BCC56D00F667F6 /* calculator@2x.png in Resources */,
				FA42998517BCB4E5006746B7 /* Default.png in Resources */,
				FA2C289317BCC70800F667F6 /* gear_highlighted@2x.png in Resources */,
				FA2C289417BCC70800F667F6 /* gear@2x.png in Resources */,
				FA2C289017BCC64000F667F6 /* calculator_highlighted@2x.png in Resources */,
				FA42998717BCB4E5006746B7 /* Default@2x.png in Resources */,
				FA2C288C17BCC5E900F667F6 /* clock_highlighted@2x.png in Resources */,
				FA42998917BCB4E5006746B7 /* Default-568h@2x.png in Resources */,
				FA42998F17BCB4E5006746B7 /* ANViewController.xib in Resources */,
				FA2C288617BCC42C00F667F6 /* clock@2x.png in Resources */,
				FA4299C017BCBDBF006746B7 /* Icon-72@2x.png in Resources */,
				FA4299C417BCBEB6006746B7 /* Icon@2x.png in Resources */,
			);
			runOnlyForDeploymentPostprocessing = 0;
		};
/* End PBXResourcesBuildPhase section */

/* Begin PBXSourcesBuildPhase section */
		FA42996B17BCB4E5006746B7 /* Sources */ = {
			isa = PBXSourcesBuildPhase;
			buildActionMask = 2147483647;
			files = (
				FA42997F17BCB4E5006746B7 /* main.m in Sources */,
				FA9F543517C8236A0024923B /* ANPuzzleSetter.m in Sources */,
				FAC7EE2C17C0B50000DE49EE /* ANDataManager+Search.m in Sources */,
				FA9F538C17C6B1A20024923B /* ANAPICallPuzzleSet.m in Sources */,
				FA9F53F517C7F02A0024923B /* OCPuzzleSetting.m in Sources */,
				FA9F543617C8236A0024923B /* ANPuzzleSyncer.m in Sources */,
				FAA38A5A17C9A97A009361A8 /* ANAPICallAccountSet.m in Sources */,
				FA2B335F17C55F2300F40616 /* ANAPISessionDiffList.m in Sources */,
				FA42998317BCB4E5006746B7 /* ANAppDelegate.m in Sources */,
				FA9F53F817C7F02A0024923B /* OCPuzzleDeletion.m in Sources */,
				FA9F538817C6B1A20024923B /* ANAPICallPuzzleDelete.m in Sources */,
				FAA38A5417C9A558009361A8 /* ANAPIConflict.m in Sources */,
				FA9F543717C8236A0024923B /* ANSessionAdder.m in Sources */,
				FA9F53EC17C7F0290024923B /* OCSessionDeletion.m in Sources */,
				FA9F542F17C8236A0024923B /* ANSyncSession.m in Sources */,
				FA42998C17BCB4E5006746B7 /* ANViewController.m in Sources */,
				FA9F543917C8236A0024923B /* ANSessionSyncer.m in Sources */,
				FA9F53FB17C7F04D0024923B /* LocalAccount.m in Sources */,
				FAA38A5717C9A558009361A8 /* ANAPIPuzzleSetResponse.m in Sources */,
				FA9F544417C824CB0024923B /* OCAccountChange.m in Sources */,
				FA9F538917C6B1A20024923B /* ANAPICallPuzzleRenameAdd.m in Sources */,
				FA9F543017C8236A0024923B /* ANPuzzleAdder.m in Sources */,
				FA9F544817C8256D0024923B /* LocalAccount+Coding.m in Sources */,
				FA4299A117BCB772006746B7 /* Model.xcdatamodeld in Sources */,
				FA9F539217C6B1B60024923B /* ANAPICallSessionDeleteRequest.m in Sources */,
				FA9F538E17C6B1A20024923B /* ANAPICallSessionGetDiff.m in Sources */,
				FA9F539B17C6C2030024923B /* ANAPIBaseCall.m in Sources */,
				FA22186A17BDEF7E00D71F71 /* ANConflict.m in Sources */,
				FA9F543817C8236A0024923B /* ANSessionDeleter.m in Sources */,
				FAA38A5317C9A558009361A8 /* ANAPIAddRenameResponse.m in Sources */,
				FA9F544517C824CB0024923B /* OfflineChanges.m in Sources */,
				FA9F540717C807D30024923B /* ANSyncManager.m in Sources */,
				FA9F543317C8236A0024923B /* ANPuzzleOrderer.m in Sources */,
				FA9F53FE17C7F04E0024923B /* ANSolve.m in Sources */,
				FAA38A5617C9A558009361A8 /* ANAPIPuzzle.m in Sources */,
				FA9F538D17C6B1A20024923B /* ANAPICallSessionAdd.m in Sources */,
				FA4299BD17BCBC1A006746B7 /* ANDataManager.m in Sources */,
				FAC7EE0717C0481B00DE49EE /* ANRenameCollisionConflict.m in Sources */,
				FA9F543A17C8236A0024923B /* ANSessionGetter.m in Sources */,
				FAA38A4717C9A476009361A8 /* ANAccountSyncer.m in Sources */,
				FA9F543117C8236A0024923B /* ANPuzzleDeleter.m in Sources */,
				FA9F540417C7F04E0024923B /* ANPuzzle.m in Sources */,
				FA4299CB17BCBF9A006746B7 /* ANTimerHomeVC.m in Sources */,
				FA9F538717C6B1A20024923B /* ANAPICallPuzzleDeleteRename.m in Sources */,
				FA9F538B17C6B1A20024923B /* ANAPICallPuzzleReplace.m in Sources */,
				FA9F53EF17C7F0290024923B /* OCPuzzleAddition.m in Sources */,
				FAB9002C17C405A3002DB676 /* ANAPISessionAddResponse.m in Sources */,
				FA4299CF17BCC02E006746B7 /* ANStatHomeVC.m in Sources */,
				FA2B335317C478B000F40616 /* NSData+MD5.m in Sources */,
				FA9F540117C7F04E0024923B /* ANSession.m in Sources */,
				FA9F543B17C8236A0024923B /* ANSessionsHasher.m in Sources */,
				FA9F543217C8236A0024923B /* ANPuzzleGetter.m in Sources */,
				FA2C289817BCC76700F667F6 /* ANSettingsHomeVC.m in Sources */,
				FA7B18CA17BE030C00D6F7D2 /* ANPuzzle+Coding.m in Sources */,
				FA22187717BDF2DB00D71F71 /* ANConflictResolver.m in Sources */,
				FAB9002917C3FEA8002DB676 /* ANSession+Coding.m in Sources */,
				FA9F542E17C8236A0024923B /* ANGeneralSyncer.m in Sources */,
				FA2B336517C5623300F40616 /* ANAPISessionHashes.m in Sources */,
				FA9F538F17C6B1A20024923B /* ANAPICallSessionGetHashes.m in Sources */,
				FA9F539817C6C0310024923B /* ANAccountManager.m in Sources */,
				FA9F543417C8236A0024923B /* ANPuzzleRenamer.m in Sources */,
				FA22187017BDF0A300D71F71 /* ANNameCollisionConflict.m in Sources */,
				FAA38A5517C9A558009361A8 /* ANAPIDeleteResponse.m in Sources */,
				FA9F538617C6B1A20024923B /* ANAPICallPuzzleAdd.m in Sources */,
				FA9F538A17C6B1A20024923B /* ANAPICallPuzzleRename.m in Sources */,
				FA9F53E917C7F0290024923B /* OCSessionAddition.m in Sources */,
				FA22186017BDE93000D71F71 /* ANAPICall.m in Sources */,
			);
			runOnlyForDeploymentPostprocessing = 0;
		};
/* End PBXSourcesBuildPhase section */

/* Begin PBXVariantGroup section */
		FA42997B17BCB4E5006746B7 /* InfoPlist.strings */ = {
			isa = PBXVariantGroup;
			children = (
				FA42997C17BCB4E5006746B7 /* en */,
			);
			name = InfoPlist.strings;
			sourceTree = "<group>";
		};
		FA42998D17BCB4E5006746B7 /* ANViewController.xib */ = {
			isa = PBXVariantGroup;
			children = (
				FA42998E17BCB4E5006746B7 /* en */,
			);
			name = ANViewController.xib;
			sourceTree = "<group>";
		};
/* End PBXVariantGroup section */

/* Begin XCBuildConfiguration section */
		FA42999017BCB4E5006746B7 /* Debug */ = {
			isa = XCBuildConfiguration;
			buildSettings = {
				ALWAYS_SEARCH_USER_PATHS = NO;
				CLANG_CXX_LANGUAGE_STANDARD = "gnu++0x";
				CLANG_CXX_LIBRARY = "libc++";
				CLANG_ENABLE_OBJC_ARC = YES;
				CLANG_WARN_CONSTANT_CONVERSION = YES;
				CLANG_WARN_EMPTY_BODY = YES;
				CLANG_WARN_ENUM_CONVERSION = YES;
				CLANG_WARN_INT_CONVERSION = YES;
				CLANG_WARN__DUPLICATE_METHOD_MATCH = YES;
				"CODE_SIGN_IDENTITY[sdk=iphoneos*]" = "iPhone Developer";
				COPY_PHASE_STRIP = NO;
				GCC_C_LANGUAGE_STANDARD = gnu99;
				GCC_DYNAMIC_NO_PIC = NO;
				GCC_OPTIMIZATION_LEVEL = 0;
				GCC_PREPROCESSOR_DEFINITIONS = (
					"DEBUG=1",
					"$(inherited)",
				);
				GCC_SYMBOLS_PRIVATE_EXTERN = NO;
				GCC_WARN_ABOUT_RETURN_TYPE = YES;
				GCC_WARN_UNINITIALIZED_AUTOS = YES;
				GCC_WARN_UNUSED_VARIABLE = YES;
				IPHONEOS_DEPLOYMENT_TARGET = 6.1;
				ONLY_ACTIVE_ARCH = YES;
				SDKROOT = iphoneos;
			};
			name = Debug;
		};
		FA42999117BCB4E5006746B7 /* Release */ = {
			isa = XCBuildConfiguration;
			buildSettings = {
				ALWAYS_SEARCH_USER_PATHS = NO;
				CLANG_CXX_LANGUAGE_STANDARD = "gnu++0x";
				CLANG_CXX_LIBRARY = "libc++";
				CLANG_ENABLE_OBJC_ARC = YES;
				CLANG_WARN_CONSTANT_CONVERSION = YES;
				CLANG_WARN_EMPTY_BODY = YES;
				CLANG_WARN_ENUM_CONVERSION = YES;
				CLANG_WARN_INT_CONVERSION = YES;
				CLANG_WARN__DUPLICATE_METHOD_MATCH = YES;
				"CODE_SIGN_IDENTITY[sdk=iphoneos*]" = "iPhone Developer";
				COPY_PHASE_STRIP = YES;
				GCC_C_LANGUAGE_STANDARD = gnu99;
				GCC_WARN_ABOUT_RETURN_TYPE = YES;
				GCC_WARN_UNINITIALIZED_AUTOS = YES;
				GCC_WARN_UNUSED_VARIABLE = YES;
				IPHONEOS_DEPLOYMENT_TARGET = 6.1;
				OTHER_CFLAGS = "-DNS_BLOCK_ASSERTIONS=1";
				SDKROOT = iphoneos;
				VALIDATE_PRODUCT = YES;
			};
			name = Release;
		};
		FA42999317BCB4E5006746B7 /* Debug */ = {
			isa = XCBuildConfiguration;
			buildSettings = {
				GCC_PRECOMPILE_PREFIX_HEADER = YES;
				GCC_PREFIX_HEADER = "Qube/Qube-Prefix.pch";
				INFOPLIST_FILE = "Qube/Qube-Info.plist";
				IPHONEOS_DEPLOYMENT_TARGET = 6.0;
				LIBRARY_SEARCH_PATHS = (
					"$(inherited)",
					"$(SDKROOT)/usr/lib/system",
				);
				PRODUCT_NAME = "$(TARGET_NAME)";
				WRAPPER_EXTENSION = app;
			};
			name = Debug;
		};
		FA42999417BCB4E5006746B7 /* Release */ = {
			isa = XCBuildConfiguration;
			buildSettings = {
				GCC_PRECOMPILE_PREFIX_HEADER = YES;
				GCC_PREFIX_HEADER = "Qube/Qube-Prefix.pch";
				INFOPLIST_FILE = "Qube/Qube-Info.plist";
				IPHONEOS_DEPLOYMENT_TARGET = 6.0;
				LIBRARY_SEARCH_PATHS = (
					"$(inherited)",
					"$(SDKROOT)/usr/lib/system",
				);
				PRODUCT_NAME = "$(TARGET_NAME)";
				WRAPPER_EXTENSION = app;
			};
			name = Release;
		};
/* End XCBuildConfiguration section */

/* Begin XCConfigurationList section */
		FA42996A17BCB4E5006746B7 /* Build configuration list for PBXProject "Qube" */ = {
			isa = XCConfigurationList;
			buildConfigurations = (
				FA42999017BCB4E5006746B7 /* Debug */,
				FA42999117BCB4E5006746B7 /* Release */,
			);
			defaultConfigurationIsVisible = 0;
			defaultConfigurationName = Release;
		};
		FA42999217BCB4E5006746B7 /* Build configuration list for PBXNativeTarget "Qube" */ = {
			isa = XCConfigurationList;
			buildConfigurations = (
				FA42999317BCB4E5006746B7 /* Debug */,
				FA42999417BCB4E5006746B7 /* Release */,
			);
			defaultConfigurationIsVisible = 0;
			defaultConfigurationName = Release;
		};
/* End XCConfigurationList section */

/* Begin XCVersionGroup section */
		FA42999F17BCB772006746B7 /* Model.xcdatamodeld */ = {
			isa = XCVersionGroup;
			children = (
				FA4299C217BCBDF0006746B7 /* Version2.xcdatamodel */,
				FA4299A017BCB772006746B7 /* Model.xcdatamodel */,
			);
			currentVersion = FA4299A017BCB772006746B7 /* Model.xcdatamodel */;
			path = Model.xcdatamodeld;
			sourceTree = "<group>";
			versionGroupType = wrapper.xcdatamodel;
		};
/* End XCVersionGroup section */
	};
	rootObject = FA42996717BCB4E5006746B7 /* Project object */;
}
